
Microsoft Visual Studio Solution File, Format Version 12.00
# Visual Studio Version 16
VisualStudioVersion = 16.0.810.21
MinimumVisualStudioVersion = 10.0.40219.1
Project("{FAE04EC0-301F-11D3-BF4B-00C04F79EFBC}") = "TicTacToe", "TicTacToe.csproj", "{39F1C189-634C-42B9-9726-B7BC0D1DA9EB}"
EndProject
Global
	GlobalSection(SolutionConfigurationPlatforms) = preSolution
		Debug|Any CPU = Debug|Any CPU
		Release|Any CPU = Release|Any CPU
	EndGlobalSection
	GlobalSection(ProjectConfigurationPlatforms) = postSolution
		{39F1C189-634C-42B9-9726-B7BC0D1DA9EB}.Debug|Any CPU.ActiveCfg = Debug|Any CPU
		{39F1C189-634C-42B9-9726-B7BC0D1DA9EB}.Debug|Any CPU.Build.0 = Debug|Any CPU
		{39F1C189-634C-42B9-9726-B7BC0D1DA9EB}.Release|Any CPU.ActiveCfg = Release|Any CPU
		{39F1C189-634C-42B9-9726-B7BC0D1DA9EB}.Release|Any CPU.Build.0 = Release|Any CPU
	EndGlobalSection
	GlobalSection(SolutionProperties) = preSolution
		HideSolutionNode = FALSE
	EndGlobalSection
	GlobalSection(ExtensibilityGlobals) = postSolution
		SolutionGuid = {AE9F9DE8-4339-41E8-B2FE-6587C70ED686}
	EndGlobalSection
EndGlobal
